<?xml version="1.0" encoding="utf-8"?>
<Project ToolsVersion="4.0" xmlns="http://schemas.microsoft.com/developer/msbuild/2003">
  <ItemGroup>
    <Filter Include="Source Files">
      <UniqueIdentifier>{4FC737F1-C7A5-4376-A066-2A32D752A2FF}</UniqueIdentifier>
      <Extensions>cpp;c;cc;cxx;def;odl;idl;hpj;bat;asm;asmx</Extensions>
    </Filter>
    <Filter Include="Source Files\ObserverPattern">
      <UniqueIdentifier>{1cf42931-06fd-44b6-ab42-00bfc16c29c3}</UniqueIdentifier>
    </Filter>
    <Filter Include="Source Files\Display">
      <UniqueIdentifier>{a38cce02-1449-47de-b8d2-e1f8cc2a7bfc}</UniqueIdentifier>
    </Filter>
  </ItemGroup>
  <ItemGroup>
    <ClCompile Include="WeatherStation.cpp">
      <Filter>Source Files</Filter>
    </ClCompile>
    <ClCompile Include="WeatherData.cpp">
      <Filter>Source Files</Filter>
    </ClCompile>
    <ClCompile Include="..\Display\CurrentConditionDisplay.cpp">
      <Filter>Source Files\Display</Filter>
    </ClCompile>
    <ClCompile Include="..\Display\StatisticsDisplay.cpp">
      <Filter>Source Files\Display</Filter>
    </ClCompile>
    <ClCompile Include="..\Display\ForecastDisplay.cpp">
      <Filter>Source Files\Display</Filter>
    </ClCompile>
    <ClCompile Include="..\Display\HeatIndexDisplay.cpp">
      <Filter>Source Files\Display</Filter>
    </ClCompile>
  </ItemGroup>
  <ItemGroup>
    <ClInclude Include="..\ObserverPattern\iObserver.h">
      <Filter>Source Files\ObserverPattern</Filter>
    </ClInclude>
    <ClInclude Include="..\ObserverPattern\iSubject.h">
      <Filter>Source Files\ObserverPattern</Filter>
    </ClInclude>
    <ClInclude Include="..\Display\iDisplay.h">
      <Filter>Source Files\Display</Filter>
    </ClInclude>
    <ClInclude Include="WeatherData.h">
      <Filter>Source Files</Filter>
    </ClInclude>
    <ClInclude Include="..\Display\CurrentConditionDisplay.h">
      <Filter>Source Files\Display</Filter>
    </ClInclude>
    <ClInclude Include="..\Display\StatisticsDisplay.h">
      <Filter>Source Files\Display</Filter>
    </ClInclude>
    <ClInclude Include="..\Display\ForecastDisplay.h">
      <Filter>Source Files\Display</Filter>
    </ClInclude>
    <ClInclude Include="..\Display\HeatIndexDisplay.h">
      <Filter>Source Files\Display</Filter>
    </ClInclude>
  </ItemGroup>
</Project>